
Microsoft Visual Studio Solution File, Format Version 12.00
# Visual Studio Version 16
VisualStudioVersion = 16.0.31025.194
MinimumVisualStudioVersion = 10.0.40219.1
Project("{FAE04EC0-301F-11D3-BF4B-00C04F79EFBC}") = "Week4_1", "Week4_1\Week4_1.csproj", "{39EE5D99-9C7F-4B66-9100-5650F61D8D2E}"
EndProject
Project("{FAE04EC0-301F-11D3-BF4B-00C04F79EFBC}") = "Week4_2", "Week4_2\Week4_2.csproj", "{E56FDEB2-FDBE-4A70-B985-7556E82EE2CD}"
EndProject
Project("{FAE04EC0-301F-11D3-BF4B-00C04F79EFBC}") = "Week4_3", "Week4_3\Week4_3.csproj", "{5A3B2E09-B3A6-40D1-BBD6-DA7EFB7F54F8}"
EndProject
Project("{FAE04EC0-301F-11D3-BF4B-00C04F79EFBC}") = "Week4_4", "Week4_4\Week4_4.csproj", "{479C95A6-1245-412E-B94C-88CDFA84034A}"
EndProject
Global
	GlobalSection(SolutionConfigurationPlatforms) = preSolution
		Debug|Any CPU = Debug|Any CPU
		Release|Any CPU = Release|Any CPU
	EndGlobalSection
	GlobalSection(ProjectConfigurationPlatforms) = postSolution
		{39EE5D99-9C7F-4B66-9100-5650F61D8D2E}.Debug|Any CPU.ActiveCfg = Debug|Any CPU
		{39EE5D99-9C7F-4B66-9100-5650F61D8D2E}.Debug|Any CPU.Build.0 = Debug|Any CPU
		{39EE5D99-9C7F-4B66-9100-5650F61D8D2E}.Release|Any CPU.ActiveCfg = Release|Any CPU
		{39EE5D99-9C7F-4B66-9100-5650F61D8D2E}.Release|Any CPU.Build.0 = Release|Any CPU
		{E56FDEB2-FDBE-4A70-B985-7556E82EE2CD}.Debug|Any CPU.ActiveCfg = Debug|Any CPU
		{E56FDEB2-FDBE-4A70-B985-7556E82EE2CD}.Debug|Any CPU.Build.0 = Debug|Any CPU
		{E56FDEB2-FDBE-4A70-B985-7556E82EE2CD}.Release|Any CPU.ActiveCfg = Release|Any CPU
		{E56FDEB2-FDBE-4A70-B985-7556E82EE2CD}.Release|Any CPU.Build.0 = Release|Any CPU
		{5A3B2E09-B3A6-40D1-BBD6-DA7EFB7F54F8}.Debug|Any CPU.ActiveCfg = Debug|Any CPU
		{5A3B2E09-B3A6-40D1-BBD6-DA7EFB7F54F8}.Debug|Any CPU.Build.0 = Debug|Any CPU
		{5A3B2E09-B3A6-40D1-BBD6-DA7EFB7F54F8}.Release|Any CPU.ActiveCfg = Release|Any CPU
		{5A3B2E09-B3A6-40D1-BBD6-DA7EFB7F54F8}.Release|Any CPU.Build.0 = Release|Any CPU
		{479C95A6-1245-412E-B94C-88CDFA84034A}.Debug|Any CPU.ActiveCfg = Debug|Any CPU
		{479C95A6-1245-412E-B94C-88CDFA84034A}.Debug|Any CPU.Build.0 = Debug|Any CPU
		{479C95A6-1245-412E-B94C-88CDFA84034A}.Release|Any CPU.ActiveCfg = Release|Any CPU
		{479C95A6-1245-412E-B94C-88CDFA84034A}.Release|Any CPU.Build.0 = Release|Any CPU
	EndGlobalSection
	GlobalSection(SolutionProperties) = preSolution
		HideSolutionNode = FALSE
	EndGlobalSection
	GlobalSection(ExtensibilityGlobals) = postSolution
		SolutionGuid = {C4935896-4E68-4142-860F-F96BA26C614C}
	EndGlobalSection
EndGlobal
