
Microsoft Visual Studio Solution File, Format Version 12.00
# Visual Studio Version 16
VisualStudioVersion = 16.0.31025.194
MinimumVisualStudioVersion = 10.0.40219.1
Project("{FAE04EC0-301F-11D3-BF4B-00C04F79EFBC}") = "씨샵 5_1", "씨샵 5_1\씨샵 5_1.csproj", "{CA2F3B61-B278-404F-970B-9E72820C224E}"
EndProject
Global
	GlobalSection(SolutionConfigurationPlatforms) = preSolution
		Debug|Any CPU = Debug|Any CPU
		Release|Any CPU = Release|Any CPU
	EndGlobalSection
	GlobalSection(ProjectConfigurationPlatforms) = postSolution
		{CA2F3B61-B278-404F-970B-9E72820C224E}.Debug|Any CPU.ActiveCfg = Debug|Any CPU
		{CA2F3B61-B278-404F-970B-9E72820C224E}.Debug|Any CPU.Build.0 = Debug|Any CPU
		{CA2F3B61-B278-404F-970B-9E72820C224E}.Release|Any CPU.ActiveCfg = Release|Any CPU
		{CA2F3B61-B278-404F-970B-9E72820C224E}.Release|Any CPU.Build.0 = Release|Any CPU
	EndGlobalSection
	GlobalSection(SolutionProperties) = preSolution
		HideSolutionNode = FALSE
	EndGlobalSection
	GlobalSection(ExtensibilityGlobals) = postSolution
		SolutionGuid = {8DD089A6-FD08-407C-B288-B6FD77083CEB}
	EndGlobalSection
EndGlobal
